// !$*UTF8*$!
{
	archiveVersion = 1;
	classes = {
	};
	objectVersion = 50;
	objects = {

/* Begin PBXBuildFile section */
		526078DE22BA080800CC91A4 /* ViewController.swift in Sources */ = {isa = PBXBuildFile; fileRef = 526078DD22BA080800CC91A4 /* ViewController.swift */; };
		526BEC1122B9BBC2008E60C1 /* AppDelegate.swift in Sources */ = {isa = PBXBuildFile; fileRef = 526BEC1022B9BBC2008E60C1 /* AppDelegate.swift */; };
		526BEC1822B9BBC5008E60C1 /* Main.storyboard in Resources */ = {isa = PBXBuildFile; fileRef = 526BEC1622B9BBC5008E60C1 /* Main.storyboard */; };
		526BEC1A22B9BC14008E60C1 /* Assets.xcassets in Resources */ = {isa = PBXBuildFile; fileRef = 526BEC1922B9BC14008E60C1 /* Assets.xcassets */; };
		526BEC1D22B9BC14008E60C1 /* LaunchScreen.storyboard in Resources */ = {isa = PBXBuildFile; fileRef = 526BEC1B22B9BC14008E60C1 /* LaunchScreen.storyboard */; };
		52753EB622BB558000AEA1B1 /* lipstick.json in Resources */ = {isa = PBXBuildFile; fileRef = 52753EB522BB558000AEA1B1 /* lipstick.json */; };
		52753EB822BB55C300AEA1B1 /* Lipstick.swift in Sources */ = {isa = PBXBuildFile; fileRef = 52753EB722BB55C300AEA1B1 /* Lipstick.swift */; };
		52753EC322BB8C8300AEA1B1 /* LipstickTableViewController.swift in Sources */ = {isa = PBXBuildFile; fileRef = 52753EC222BB8C8300AEA1B1 /* LipstickTableViewController.swift */; };
		52753EC522BC313200AEA1B1 /* FallbackViewController.swift in Sources */ = {isa = PBXBuildFile; fileRef = 52753EC422BC313200AEA1B1 /* FallbackViewController.swift */; };
/* End PBXBuildFile section */

/* Begin PBXFileReference section */
		526078DD22BA080800CC91A4 /* ViewController.swift */ = {isa = PBXFileReference; lastKnownFileType = sourcecode.swift; path = ViewController.swift; sourceTree = "<group>"; };
		526BEC0D22B9BBC2008E60C1 /* AR Lipstick.app */ = {isa = PBXFileReference; explicitFileType = wrapper.application; includeInIndex = 0; path = "AR Lipstick.app"; sourceTree = BUILT_PRODUCTS_DIR; };
		526BEC1022B9BBC2008E60C1 /* AppDelegate.swift */ = {isa = PBXFileReference; lastKnownFileType = sourcecode.swift; path = AppDelegate.swift; sourceTree = "<group>"; };
		526BEC1722B9BBC5008E60C1 /* Base */ = {isa = PBXFileReference; lastKnownFileType = file.storyboard; name = Base; path = Base.lproj/Main.storyboard; sourceTree = "<group>"; };
		526BEC1922B9BC14008E60C1 /* Assets.xcassets */ = {isa = PBXFileReference; lastKnownFileType = folder.assetcatalog; path = Assets.xcassets; sourceTree = "<group>"; };
		526BEC1C22B9BC14008E60C1 /* Base */ = {isa = PBXFileReference; lastKnownFileType = file.storyboard; name = Base; path = Base.lproj/LaunchScreen.storyboard; sourceTree = "<group>"; };
		526BEC1E22B9BC14008E60C1 /* Info.plist */ = {isa = PBXFileReference; lastKnownFileType = text.plist.xml; path = Info.plist; sourceTree = "<group>"; };
		52753EB522BB558000AEA1B1 /* lipstick.json */ = {isa = PBXFileReference; fileEncoding = 4; lastKnownFileType = text.json; path = lipstick.json; sourceTree = "<group>"; };
		52753EB722BB55C300AEA1B1 /* Lipstick.swift */ = {isa = PBXFileReference; lastKnownFileType = sourcecode.swift; path = Lipstick.swift; sourceTree = "<group>"; };
		52753EC222BB8C8300AEA1B1 /* LipstickTableViewController.swift */ = {isa = PBXFileReference; lastKnownFileType = sourcecode.swift; path = LipstickTableViewController.swift; sourceTree = "<group>"; };
		52753EC422BC313200AEA1B1 /* FallbackViewController.swift */ = {isa = PBXFileReference; lastKnownFileType = sourcecode.swift; path = "FallbackViewController.swift"; sourceTree = "<group>"; };
		52753EC622BC67BC00AEA1B1 /* README.md */ = {isa = PBXFileReference; lastKnownFileType = net.daringfireball.markdown; path = "README.md"; sourceTree = "<group>"; };
		52753EC722BC67D200AEA1B1 /* LICENSE */ = {isa = PBXFileReference; lastKnownFileType = text; path = "LICENSE"; sourceTree = "<group>"; };
/* End PBXFileReference section */

/* Begin PBXFrameworksBuildPhase section */
		526BEC0A22B9BBC0008E60C1 /* Frameworks */ = {
			isa = PBXFrameworksBuildPhase;
			buildActionMask = 2147483647;
			files = (
			);
			runOnlyForDeploymentPostprocessing = 0;
		};
/* End PBXFrameworksBuildPhase section */

/* Begin PBXGroup section */
		43A539F7DB6D4C63311E14DE /* Pods */ = {
			isa = PBXGroup;
			children = (
			);
			path = Pods;
			sourceTree = "<group>";
		};
		526BEC0422B9BBBF008E60C1 = {
			isa = PBXGroup;
			children = (
				52753EC622BC67BC00AEA1B1 /* README.md */,
				52753EC722BC67D200AEA1B1 /* LICENSE */,
				526BEC0F22B9BBC2008E60C1 /* AR Lipstick */,
				526BEC0E22B9BBC2008E60C1 /* Products */,
				43A539F7DB6D4C63311E14DE /* Pods */,
			);
			sourceTree = "<group>";
		};
		526BEC0E22B9BBC2008E60C1 /* Products */ = {
			isa = PBXGroup;
			children = (
				526BEC0D22B9BBC2008E60C1 /* AR Lipstick.app */,
			);
			name = Products;
			sourceTree = "<group>";
		};
		526BEC0F22B9BBC2008E60C1 /* AR Lipstick */ = {
			isa = PBXGroup;
			children = (
				526BEC1022B9BBC2008E60C1 /* AppDelegate.swift */,
				526078DD22BA080800CC91A4 /* ViewController.swift */,
				52753EC422BC313200AEA1B1 /* FallbackViewController.swift */,
				52753EC222BB8C8300AEA1B1 /* LipstickTableViewController.swift */,
				52753EB722BB55C300AEA1B1 /* Lipstick.swift */,
				52753EB522BB558000AEA1B1 /* lipstick.json */,
				526BEC1622B9BBC5008E60C1 /* Main.storyboard */,
				526BEC1922B9BC14008E60C1 /* Assets.xcassets */,
				526BEC1B22B9BC14008E60C1 /* LaunchScreen.storyboard */,
				526BEC1E22B9BC14008E60C1 /* Info.plist */,
			);
			path = "AR Lipstick";
			sourceTree = "<group>";
		};
/* End PBXGroup section */

/* Begin PBXNativeTarget section */
		526BEC0C22B9BBC0008E60C1 /* AR Lipstick */ = {
			isa = PBXNativeTarget;
			buildConfigurationList = 526BEC2122B9BC14008E60C1 /* Build configuration list for PBXNativeTarget "AR Lipstick" */;
			buildPhases = (
				526BEC0922B9BBC0008E60C1 /* Sources */,
				526BEC0A22B9BBC0008E60C1 /* Frameworks */,
				526BEC0B22B9BBC0008E60C1 /* Resources */,
			);
			buildRules = (
			);
			dependencies = (
			);
			name = "AR Lipstick";
			productName = "AR Lipstick";
			productReference = 526BEC0D22B9BBC2008E60C1 /* AR Lipstick.app */;
			productType = "com.apple.product-type.application";
		};
/* End PBXNativeTarget section */

/* Begin PBXProject section */
		526BEC0522B9BBBF008E60C1 /* Project object */ = {
			isa = PBXProject;
			attributes = {
				LastSwiftUpdateCheck = 1100;
				LastUpgradeCheck = 1100;
				ORGANIZATIONNAME = "Apollo Zhu";
				TargetAttributes = {
					526BEC0C22B9BBC0008E60C1 = {
						CreatedOnToolsVersion = 11.0;
					};
				};
			};
			buildConfigurationList = 526BEC0822B9BBBF008E60C1 /* Build configuration list for PBXProject "AR Lipstick" */;
			compatibilityVersion = "Xcode 9.3";
			developmentRegion = en;
			hasScannedForEncodings = 0;
			knownRegions = (
				en,
				Base,
			);
			mainGroup = 526BEC0422B9BBBF008E60C1;
			productRefGroup = 526BEC0E22B9BBC2008E60C1 /* Products */;
			projectDirPath = "";
			projectRoot = "";
			targets = (
				526BEC0C22B9BBC0008E60C1 /* AR Lipstick */,
			);
		};
/* End PBXProject section */

/* Begin PBXResourcesBuildPhase section */
		526BEC0B22B9BBC0008E60C1 /* Resources */ = {
			isa = PBXResourcesBuildPhase;
			buildActionMask = 2147483647;
			files = (
				52753EB622BB558000AEA1B1 /* lipstick.json in Resources */,
				526BEC1D22B9BC14008E60C1 /* LaunchScreen.storyboard in Resources */,
				526BEC1A22B9BC14008E60C1 /* Assets.xcassets in Resources */,
				526BEC1822B9BBC5008E60C1 /* Main.storyboard in Resources */,
			);
			runOnlyForDeploymentPostprocessing = 0;
		};
/* End PBXResourcesBuildPhase section */

/* Begin PBXSourcesBuildPhase section */
		526BEC0922B9BBC0008E60C1 /* Sources */ = {
			isa = PBXSourcesBuildPhase;
			buildActionMask = 2147483647;
			files = (
				526078DE22BA080800CC91A4 /* ViewController.swift in Sources */,
				52753EC522BC313200AEA1B1 /* FallbackViewController.swift in Sources */,
				52753EB822BB55C300AEA1B1 /* Lipstick.swift in Sources */,
				52753EC322BB8C8300AEA1B1 /* LipstickTableViewController.swift in Sources */,
				526BEC1122B9BBC2008E60C1 /* AppDelegate.swift in Sources */,
			);
			runOnlyForDeploymentPostprocessing = 0;
		};
/* End PBXSourcesBuildPhase section */

/* Begin PBXVariantGroup section */
		526BEC1622B9BBC5008E60C1 /* Main.storyboard */ = {
			isa = PBXVariantGroup;
			children = (
				526BEC1722B9BBC5008E60C1 /* Base */,
			);
			name = Main.storyboard;
			sourceTree = "<group>";
		};
		526BEC1B22B9BC14008E60C1 /* LaunchScreen.storyboard */ = {
			isa = PBXVariantGroup;
			children = (
				526BEC1C22B9BC14008E60C1 /* Base */,
			);
			name = LaunchScreen.storyboard;
			sourceTree = "<group>";
		};
/* End PBXVariantGroup section */

/* Begin XCBuildConfiguration section */
		526BEC1F22B9BC14008E60C1 /* Debug */ = {
			isa = XCBuildConfiguration;
			buildSettings = {
				ALWAYS_SEARCH_USER_PATHS = NO;
				CLANG_ANALYZER_NONNULL = YES;
				CLANG_ANALYZER_NUMBER_OBJECT_CONVERSION = YES_AGGRESSIVE;
				CLANG_CXX_LANGUAGE_STANDARD = "gnu++14";
				CLANG_CXX_LIBRARY = "libc++";
				CLANG_ENABLE_MODULES = YES;
				CLANG_ENABLE_OBJC_ARC = YES;
				CLANG_ENABLE_OBJC_WEAK = YES;
				CLANG_WARN_BLOCK_CAPTURE_AUTORELEASING = YES;
				CLANG_WARN_BOOL_CONVERSION = YES;
				CLANG_WARN_COMMA = YES;
				CLANG_WARN_CONSTANT_CONVERSION = YES;
				CLANG_WARN_DEPRECATED_OBJC_IMPLEMENTATIONS = YES;
				CLANG_WARN_DIRECT_OBJC_ISA_USAGE = YES_ERROR;
				CLANG_WARN_DOCUMENTATION_COMMENTS = YES;
				CLANG_WARN_EMPTY_BODY = YES;
				CLANG_WARN_ENUM_CONVERSION = YES;
				CLANG_WARN_INFINITE_RECURSION = YES;
				CLANG_WARN_INT_CONVERSION = YES;
				CLANG_WARN_NON_LITERAL_NULL_CONVERSION = YES;
				CLANG_WARN_OBJC_IMPLICIT_RETAIN_SELF = YES;
				CLANG_WARN_OBJC_LITERAL_CONVERSION = YES;
				CLANG_WARN_OBJC_ROOT_CLASS = YES_ERROR;
				CLANG_WARN_RANGE_LOOP_ANALYSIS = YES;
				CLANG_WARN_STRICT_PROTOTYPES = YES;
				CLANG_WARN_SUSPICIOUS_MOVE = YES;
				CLANG_WARN_UNGUARDED_AVAILABILITY = YES_AGGRESSIVE;
				CLANG_WARN_UNREACHABLE_CODE = YES;
				CLANG_WARN__DUPLICATE_METHOD_MATCH = YES;
				COPY_PHASE_STRIP = NO;
				DEBUG_INFORMATION_FORMAT = dwarf;
				ENABLE_STRICT_OBJC_MSGSEND = YES;
				ENABLE_TESTABILITY = YES;
				GCC_C_LANGUAGE_STANDARD = gnu11;
				GCC_DYNAMIC_NO_PIC = NO;
				GCC_NO_COMMON_BLOCKS = YES;
				GCC_OPTIMIZATION_LEVEL = 0;
				GCC_PREPROCESSOR_DEFINITIONS = (
					"DEBUG=1",
					"$(inherited)",
				);
				GCC_WARN_64_TO_32_BIT_CONVERSION = YES;
				GCC_WARN_ABOUT_RETURN_TYPE = YES_ERROR;
				GCC_WARN_UNDECLARED_SELECTOR = YES;
				GCC_WARN_UNINITIALIZED_AUTOS = YES_AGGRESSIVE;
				GCC_WARN_UNUSED_FUNCTION = YES;
				GCC_WARN_UNUSED_VARIABLE = YES;
				IPHONEOS_DEPLOYMENT_TARGET = 13.0;
				MTL_ENABLE_DEBUG_INFO = INCLUDE_SOURCE;
				MTL_FAST_MATH = YES;
				ONLY_ACTIVE_ARCH = YES;
				SDKROOT = iphoneos;
				SWIFT_ACTIVE_COMPILATION_CONDITIONS = DEBUG;
				SWIFT_OPTIMIZATION_LEVEL = "-Onone";
			};
			name = Debug;
		};
		526BEC2022B9BC14008E60C1 /* Release */ = {
			isa = XCBuildConfiguration;
			buildSettings = {
				ALWAYS_SEARCH_USER_PATHS = NO;
				CLANG_ANALYZER_NONNULL = YES;
				CLANG_ANALYZER_NUMBER_OBJECT_CONVERSION = YES_AGGRESSIVE;
				CLANG_CXX_LANGUAGE_STANDARD = "gnu++14";
				CLANG_CXX_LIBRARY = "libc++";
				CLANG_ENABLE_MODULES = YES;
				CLANG_ENABLE_OBJC_ARC = YES;
				CLANG_ENABLE_OBJC_WEAK = YES;
				CLANG_WARN_BLOCK_CAPTURE_AUTORELEASING = YES;
				CLANG_WARN_BOOL_CONVERSION = YES;
				CLANG_WARN_COMMA = YES;
				CLANG_WARN_CONSTANT_CONVERSION = YES;
				CLANG_WARN_DEPRECATED_OBJC_IMPLEMENTATIONS = YES;
				CLANG_WARN_DIRECT_OBJC_ISA_USAGE = YES_ERROR;
				CLANG_WARN_DOCUMENTATION_COMMENTS = YES;
				CLANG_WARN_EMPTY_BODY = YES;
				CLANG_WARN_ENUM_CONVERSION = YES;
				CLANG_WARN_INFINITE_RECURSION = YES;
				CLANG_WARN_INT_CONVERSION = YES;
				CLANG_WARN_NON_LITERAL_NULL_CONVERSION = YES;
				CLANG_WARN_OBJC_IMPLICIT_RETAIN_SELF = YES;
				CLANG_WARN_OBJC_LITERAL_CONVERSION = YES;
				CLANG_WARN_OBJC_ROOT_CLASS = YES_ERROR;
				CLANG_WARN_RANGE_LOOP_ANALYSIS = YES;
				CLANG_WARN_STRICT_PROTOTYPES = YES;
				CLANG_WARN_SUSPICIOUS_MOVE = YES;
				CLANG_WARN_UNGUARDED_AVAILABILITY = YES_AGGRESSIVE;
				CLANG_WARN_UNREACHABLE_CODE = YES;
				CLANG_WARN__DUPLICATE_METHOD_MATCH = YES;
				COPY_PHASE_STRIP = NO;
				DEBUG_INFORMATION_FORMAT = "dwarf-with-dsym";
				ENABLE_NS_ASSERTIONS = NO;
				ENABLE_STRICT_OBJC_MSGSEND = YES;
				GCC_C_LANGUAGE_STANDARD = gnu11;
				GCC_NO_COMMON_BLOCKS = YES;
				GCC_WARN_64_TO_32_BIT_CONVERSION = YES;
				GCC_WARN_ABOUT_RETURN_TYPE = YES_ERROR;
				GCC_WARN_UNDECLARED_SELECTOR = YES;
				GCC_WARN_UNINITIALIZED_AUTOS = YES_AGGRESSIVE;
				GCC_WARN_UNUSED_FUNCTION = YES;
				GCC_WARN_UNUSED_VARIABLE = YES;
				IPHONEOS_DEPLOYMENT_TARGET = 13.0;
				MTL_ENABLE_DEBUG_INFO = NO;
				MTL_FAST_MATH = YES;
				SDKROOT = iphoneos;
				SWIFT_COMPILATION_MODE = wholemodule;
				SWIFT_OPTIMIZATION_LEVEL = "-O";
				VALIDATE_PRODUCT = YES;
			};
			name = Release;
		};
		526BEC2222B9BC14008E60C1 /* Debug */ = {
			isa = XCBuildConfiguration;
			buildSettings = {
				ASSETCATALOG_COMPILER_APPICON_NAME = AppIcon;
				CODE_SIGN_IDENTITY = "iPhone Developer";
				CODE_SIGN_STYLE = Automatic;
				DEVELOPMENT_TEAM = KZ7D8X3PRK;
				INFOPLIST_FILE = "AR Lipstick/Info.plist";
				IPHONEOS_DEPLOYMENT_TARGET = 11.0;
				LD_RUNPATH_SEARCH_PATHS = (
					"$(inherited)",
					"@executable_path/Frameworks",
				);
				PRODUCT_BUNDLE_IDENTIFIER = "io.github.apollozhu.AR-Lipstick";
				PRODUCT_NAME = "$(TARGET_NAME)";
				PROVISIONING_PROFILE_SPECIFIER = "";
				SWIFT_VERSION = 5.0;
				TARGETED_DEVICE_FAMILY = "1,2";
			};
			name = Debug;
		};
		526BEC2322B9BC14008E60C1 /* Release */ = {
			isa = XCBuildConfiguration;
			buildSettings = {
				ASSETCATALOG_COMPILER_APPICON_NAME = AppIcon;
				CODE_SIGN_IDENTITY = "iPhone Developer";
				CODE_SIGN_STYLE = Automatic;
				DEVELOPMENT_TEAM = KZ7D8X3PRK;
				INFOPLIST_FILE = "AR Lipstick/Info.plist";
				IPHONEOS_DEPLOYMENT_TARGET = 11.0;
				LD_RUNPATH_SEARCH_PATHS = (
					"$(inherited)",
					"@executable_path/Frameworks",
				);
				PRODUCT_BUNDLE_IDENTIFIER = "io.github.apollozhu.AR-Lipstick";
				PRODUCT_NAME = "$(TARGET_NAME)";
				PROVISIONING_PROFILE_SPECIFIER = "";
				SWIFT_VERSION = 5.0;
				TARGETED_DEVICE_FAMILY = "1,2";
			};
			name = Release;
		};
/* End XCBuildConfiguration section */

/* Begin XCConfigurationList section */
		526BEC0822B9BBBF008E60C1 /* Build configuration list for PBXProject "AR Lipstick" */ = {
			isa = XCConfigurationList;
			buildConfigurations = (
				526BEC1F22B9BC14008E60C1 /* Debug */,
				526BEC2022B9BC14008E60C1 /* Release */,
			);
			defaultConfigurationIsVisible = 0;
			defaultConfigurationName = Release;
		};
		526BEC2122B9BC14008E60C1 /* Build configuration list for PBXNativeTarget "AR Lipstick" */ = {
			isa = XCConfigurationList;
			buildConfigurations = (
				526BEC2222B9BC14008E60C1 /* Debug */,
				526BEC2322B9BC14008E60C1 /* Release */,
			);
			defaultConfigurationIsVisible = 0;
			defaultConfigurationName = Release;
		};
/* End XCConfigurationList section */
	};
	rootObject = 526BEC0522B9BBBF008E60C1 /* Project object */;
}
